
Microsoft Visual Studio Solution File, Format Version 12.00
# Visual Studio 15
VisualStudioVersion = 15.0.27703.2018
MinimumVisualStudioVersion = 10.0.40219.1
Project("{FAE04EC0-301F-11D3-BF4B-00C04F79EFBC}") = "EstimationTool", "EstimationTool\EstimationTool.csproj", "{FE0A4EDD-45B1-4A99-9536-DFAA253799D4}"
EndProject
Project("{FAE04EC0-301F-11D3-BF4B-00C04F79EFBC}") = "EstimationLibrary", "EstimationLibrary\EstimationLibrary.csproj", "{A5D8AE19-0D5F-4F54-A5EF-1135AC07659F}"
EndProject
Project("{FAE04EC0-301F-11D3-BF4B-00C04F79EFBC}") = "TestEstimationTool", "TestEstimationTool\TestEstimationTool.csproj", "{D78EEBF0-85CA-4983-A8CE-3697B0D689D2}"
EndProject
Global
	GlobalSection(SolutionConfigurationPlatforms) = preSolution
		Debug|Any CPU = Debug|Any CPU
		Release|Any CPU = Release|Any CPU
	EndGlobalSection
	GlobalSection(ProjectConfigurationPlatforms) = postSolution
		{FE0A4EDD-45B1-4A99-9536-DFAA253799D4}.Debug|Any CPU.ActiveCfg = Debug|Any CPU
		{FE0A4EDD-45B1-4A99-9536-DFAA253799D4}.Debug|Any CPU.Build.0 = Debug|Any CPU
		{FE0A4EDD-45B1-4A99-9536-DFAA253799D4}.Release|Any CPU.ActiveCfg = Release|Any CPU
		{FE0A4EDD-45B1-4A99-9536-DFAA253799D4}.Release|Any CPU.Build.0 = Release|Any CPU
		{A5D8AE19-0D5F-4F54-A5EF-1135AC07659F}.Debug|Any CPU.ActiveCfg = Debug|Any CPU
		{A5D8AE19-0D5F-4F54-A5EF-1135AC07659F}.Debug|Any CPU.Build.0 = Debug|Any CPU
		{A5D8AE19-0D5F-4F54-A5EF-1135AC07659F}.Release|Any CPU.ActiveCfg = Release|Any CPU
		{A5D8AE19-0D5F-4F54-A5EF-1135AC07659F}.Release|Any CPU.Build.0 = Release|Any CPU
		{D78EEBF0-85CA-4983-A8CE-3697B0D689D2}.Debug|Any CPU.ActiveCfg = Debug|Any CPU
		{D78EEBF0-85CA-4983-A8CE-3697B0D689D2}.Debug|Any CPU.Build.0 = Debug|Any CPU
		{D78EEBF0-85CA-4983-A8CE-3697B0D689D2}.Release|Any CPU.ActiveCfg = Release|Any CPU
		{D78EEBF0-85CA-4983-A8CE-3697B0D689D2}.Release|Any CPU.Build.0 = Release|Any CPU
	EndGlobalSection
	GlobalSection(SolutionProperties) = preSolution
		HideSolutionNode = FALSE
	EndGlobalSection
	GlobalSection(ExtensibilityGlobals) = postSolution
		SolutionGuid = {BB8D6C18-FD3E-4E75-89CC-56B274FDA7F7}
	EndGlobalSection
EndGlobal
